
Microsoft Visual Studio Solution File, Format Version 12.00
# Visual Studio 2012
Project("{4925A630-B079-445d-BCD4-3A9C94FE9307}") = "FsWebAgility", "FsWebAgility.fsproj", "{0D1B1425-9D85-4766-ABE2-E005C83040C2}"
EndProject
Global
	GlobalSection(SolutionConfigurationPlatforms) = preSolution
		Debug|Any CPU = Debug|Any CPU
		Release|Any CPU = Release|Any CPU
	EndGlobalSection
	GlobalSection(ProjectConfigurationPlatforms) = postSolution
		{0D1B1425-9D85-4766-ABE2-E005C83040C2}.Debug|Any CPU.ActiveCfg = Debug|Any CPU
		{0D1B1425-9D85-4766-ABE2-E005C83040C2}.Debug|Any CPU.Build.0 = Debug|Any CPU
		{0D1B1425-9D85-4766-ABE2-E005C83040C2}.Release|Any CPU.ActiveCfg = Release|Any CPU
		{0D1B1425-9D85-4766-ABE2-E005C83040C2}.Release|Any CPU.Build.0 = Release|Any CPU
	EndGlobalSection
	GlobalSection(MonoDevelopProperties) = preSolution
		StartupItem = FsWebAgility.fsproj
	EndGlobalSection
	GlobalSection(SolutionProperties) = preSolution
		HideSolutionNode = FALSE
	EndGlobalSection
EndGlobal
